// !$*UTF8*$!
{
	archiveVersion = 1;
	classes = {
	};
	objectVersion = 46;
	objects = {

/* Begin PBXBuildFile section */
		1E278A821E1640AB00448E67 /* CharacteristicViewController.m in Sources */ = {isa = PBXBuildFile; fileRef = 1E278A811E1640AB00448E67 /* CharacteristicViewController.m */; };
		1E278A921E16413800448E67 /* SVIndefiniteAnimatedView.m in Sources */ = {isa = PBXBuildFile; fileRef = 1E278A881E16413800448E67 /* SVIndefiniteAnimatedView.m */; };
		1E278A931E16413800448E67 /* SVProgressAnimatedView.m in Sources */ = {isa = PBXBuildFile; fileRef = 1E278A8A1E16413800448E67 /* SVProgressAnimatedView.m */; };
		1E278A941E16413800448E67 /* SVProgressHUD.bundle in Resources */ = {isa = PBXBuildFile; fileRef = 1E278A8B1E16413800448E67 /* SVProgressHUD.bundle */; };
		1E278A951E16413800448E67 /* SVProgressHUD.m in Sources */ = {isa = PBXBuildFile; fileRef = 1E278A8D1E16413800448E67 /* SVProgressHUD.m */; };
		1E278A961E16413800448E67 /* SVRadialGradientLayer.m in Sources */ = {isa = PBXBuildFile; fileRef = 1E278A8F1E16413800448E67 /* SVRadialGradientLayer.m */; };
		1E278A991E1643DC00448E67 /* QYPeripheralManager.m in Sources */ = {isa = PBXBuildFile; fileRef = 1E278A981E1643DC00448E67 /* QYPeripheralManager.m */; };
		1E278A9C1E1650FE00448E67 /* QYPrinterManager.m in Sources */ = {isa = PBXBuildFile; fileRef = 1E278A9B1E1650FE00448E67 /* QYPrinterManager.m */; };
		1E278AA01E178C6800448E67 /* PrinterViewController.m in Sources */ = {isa = PBXBuildFile; fileRef = 1E278A9F1E178C6800448E67 /* PrinterViewController.m */; };
		1EA10A4B1DF7ECF30012ABDA /* main.m in Sources */ = {isa = PBXBuildFile; fileRef = 1EA10A4A1DF7ECF30012ABDA /* main.m */; };
		1EA10A4E1DF7ECF30012ABDA /* AppDelegate.m in Sources */ = {isa = PBXBuildFile; fileRef = 1EA10A4D1DF7ECF30012ABDA /* AppDelegate.m */; };
		1EA10A511DF7ECF30012ABDA /* ViewController.m in Sources */ = {isa = PBXBuildFile; fileRef = 1EA10A501DF7ECF30012ABDA /* ViewController.m */; };
		1EA10A541DF7ECF30012ABDA /* Main.storyboard in Resources */ = {isa = PBXBuildFile; fileRef = 1EA10A521DF7ECF30012ABDA /* Main.storyboard */; };
		1EA10A561DF7ECF30012ABDA /* Assets.xcassets in Resources */ = {isa = PBXBuildFile; fileRef = 1EA10A551DF7ECF30012ABDA /* Assets.xcassets */; };
		1EA10A591DF7ECF30012ABDA /* LaunchScreen.storyboard in Resources */ = {isa = PBXBuildFile; fileRef = 1EA10A571DF7ECF30012ABDA /* LaunchScreen.storyboard */; };
		1EA10A631DF7ED000012ABDA /* QYBluetoothManager.m in Sources */ = {isa = PBXBuildFile; fileRef = 1EA10A621DF7ED000012ABDA /* QYBluetoothManager.m */; };
		1EC525A71E1CC3A00028DA1F /* QYThermalSupport.m in Sources */ = {isa = PBXBuildFile; fileRef = 1EC525A61E1CC3A00028DA1F /* QYThermalSupport.m */; };
		1EC525AA1E1CEC3F0028DA1F /* MMQRCode.m in Sources */ = {isa = PBXBuildFile; fileRef = 1EC525A91E1CEC3F0028DA1F /* MMQRCode.m */; };
/* End PBXBuildFile section */

/* Begin PBXFileReference section */
		1E278A801E1640AB00448E67 /* CharacteristicViewController.h */ = {isa = PBXFileReference; fileEncoding = 4; lastKnownFileType = sourcecode.c.h; path = CharacteristicViewController.h; sourceTree = "<group>"; };
		1E278A811E1640AB00448E67 /* CharacteristicViewController.m */ = {isa = PBXFileReference; fileEncoding = 4; lastKnownFileType = sourcecode.c.objc; path = CharacteristicViewController.m; sourceTree = "<group>"; };
		1E278A871E16413800448E67 /* SVIndefiniteAnimatedView.h */ = {isa = PBXFileReference; fileEncoding = 4; lastKnownFileType = sourcecode.c.h; path = SVIndefiniteAnimatedView.h; sourceTree = "<group>"; };
		1E278A881E16413800448E67 /* SVIndefiniteAnimatedView.m */ = {isa = PBXFileReference; fileEncoding = 4; lastKnownFileType = sourcecode.c.objc; path = SVIndefiniteAnimatedView.m; sourceTree = "<group>"; };
		1E278A891E16413800448E67 /* SVProgressAnimatedView.h */ = {isa = PBXFileReference; fileEncoding = 4; lastKnownFileType = sourcecode.c.h; path = SVProgressAnimatedView.h; sourceTree = "<group>"; };
		1E278A8A1E16413800448E67 /* SVProgressAnimatedView.m */ = {isa = PBXFileReference; fileEncoding = 4; lastKnownFileType = sourcecode.c.objc; path = SVProgressAnimatedView.m; sourceTree = "<group>"; };
		1E278A8B1E16413800448E67 /* SVProgressHUD.bundle */ = {isa = PBXFileReference; lastKnownFileType = "wrapper.plug-in"; path = SVProgressHUD.bundle; sourceTree = "<group>"; };
		1E278A8C1E16413800448E67 /* SVProgressHUD.h */ = {isa = PBXFileReference; fileEncoding = 4; lastKnownFileType = sourcecode.c.h; path = SVProgressHUD.h; sourceTree = "<group>"; };
		1E278A8D1E16413800448E67 /* SVProgressHUD.m */ = {isa = PBXFileReference; fileEncoding = 4; lastKnownFileType = sourcecode.c.objc; path = SVProgressHUD.m; sourceTree = "<group>"; };
		1E278A8E1E16413800448E67 /* SVRadialGradientLayer.h */ = {isa = PBXFileReference; fileEncoding = 4; lastKnownFileType = sourcecode.c.h; path = SVRadialGradientLayer.h; sourceTree = "<group>"; };
		1E278A8F1E16413800448E67 /* SVRadialGradientLayer.m */ = {isa = PBXFileReference; fileEncoding = 4; lastKnownFileType = sourcecode.c.objc; path = SVRadialGradientLayer.m; sourceTree = "<group>"; };
		1E278A971E1643DC00448E67 /* QYPeripheralManager.h */ = {isa = PBXFileReference; fileEncoding = 4; lastKnownFileType = sourcecode.c.h; path = QYPeripheralManager.h; sourceTree = "<group>"; };
		1E278A981E1643DC00448E67 /* QYPeripheralManager.m */ = {isa = PBXFileReference; fileEncoding = 4; lastKnownFileType = sourcecode.c.objc; path = QYPeripheralManager.m; sourceTree = "<group>"; };
		1E278A9A1E1650FE00448E67 /* QYPrinterManager.h */ = {isa = PBXFileReference; fileEncoding = 4; lastKnownFileType = sourcecode.c.h; path = QYPrinterManager.h; sourceTree = "<group>"; };
		1E278A9B1E1650FE00448E67 /* QYPrinterManager.m */ = {isa = PBXFileReference; fileEncoding = 4; lastKnownFileType = sourcecode.c.objc; path = QYPrinterManager.m; sourceTree = "<group>"; };
		1E278A9D1E1786C400448E67 /* QYBluetoothManager.pch */ = {isa = PBXFileReference; lastKnownFileType = sourcecode.c.h; path = QYBluetoothManager.pch; sourceTree = "<group>"; };
		1E278A9E1E178C6800448E67 /* PrinterViewController.h */ = {isa = PBXFileReference; fileEncoding = 4; lastKnownFileType = sourcecode.c.h; path = PrinterViewController.h; sourceTree = "<group>"; };
		1E278A9F1E178C6800448E67 /* PrinterViewController.m */ = {isa = PBXFileReference; fileEncoding = 4; lastKnownFileType = sourcecode.c.objc; path = PrinterViewController.m; sourceTree = "<group>"; };
		1EA10A461DF7ECF30012ABDA /* QYBluetoothManager.app */ = {isa = PBXFileReference; explicitFileType = wrapper.application; includeInIndex = 0; path = QYBluetoothManager.app; sourceTree = BUILT_PRODUCTS_DIR; };
		1EA10A4A1DF7ECF30012ABDA /* main.m */ = {isa = PBXFileReference; lastKnownFileType = sourcecode.c.objc; path = main.m; sourceTree = "<group>"; };
		1EA10A4C1DF7ECF30012ABDA /* AppDelegate.h */ = {isa = PBXFileReference; lastKnownFileType = sourcecode.c.h; path = AppDelegate.h; sourceTree = "<group>"; };
		1EA10A4D1DF7ECF30012ABDA /* AppDelegate.m */ = {isa = PBXFileReference; lastKnownFileType = sourcecode.c.objc; path = AppDelegate.m; sourceTree = "<group>"; };
		1EA10A4F1DF7ECF30012ABDA /* ViewController.h */ = {isa = PBXFileReference; lastKnownFileType = sourcecode.c.h; path = ViewController.h; sourceTree = "<group>"; };
		1EA10A501DF7ECF30012ABDA /* ViewController.m */ = {isa = PBXFileReference; lastKnownFileType = sourcecode.c.objc; path = ViewController.m; sourceTree = "<group>"; };
		1EA10A531DF7ECF30012ABDA /* Base */ = {isa = PBXFileReference; lastKnownFileType = file.storyboard; name = Base; path = Base.lproj/Main.storyboard; sourceTree = "<group>"; };
		1EA10A551DF7ECF30012ABDA /* Assets.xcassets */ = {isa = PBXFileReference; lastKnownFileType = folder.assetcatalog; path = Assets.xcassets; sourceTree = "<group>"; };
		1EA10A581DF7ECF30012ABDA /* Base */ = {isa = PBXFileReference; lastKnownFileType = file.storyboard; name = Base; path = Base.lproj/LaunchScreen.storyboard; sourceTree = "<group>"; };
		1EA10A5A1DF7ECF30012ABDA /* Info.plist */ = {isa = PBXFileReference; lastKnownFileType = text.plist.xml; path = Info.plist; sourceTree = "<group>"; };
		1EA10A611DF7ED000012ABDA /* QYBluetoothManager.h */ = {isa = PBXFileReference; fileEncoding = 4; lastKnownFileType = sourcecode.c.h; path = QYBluetoothManager.h; sourceTree = "<group>"; };
		1EA10A621DF7ED000012ABDA /* QYBluetoothManager.m */ = {isa = PBXFileReference; fileEncoding = 4; lastKnownFileType = sourcecode.c.objc; path = QYBluetoothManager.m; sourceTree = "<group>"; };
		1EC525A51E1CC3A00028DA1F /* QYThermalSupport.h */ = {isa = PBXFileReference; fileEncoding = 4; lastKnownFileType = sourcecode.c.h; path = QYThermalSupport.h; sourceTree = "<group>"; };
		1EC525A61E1CC3A00028DA1F /* QYThermalSupport.m */ = {isa = PBXFileReference; fileEncoding = 4; lastKnownFileType = sourcecode.c.objc; path = QYThermalSupport.m; sourceTree = "<group>"; };
		1EC525A81E1CEC3F0028DA1F /* MMQRCode.h */ = {isa = PBXFileReference; fileEncoding = 4; lastKnownFileType = sourcecode.c.h; path = MMQRCode.h; sourceTree = "<group>"; };
		1EC525A91E1CEC3F0028DA1F /* MMQRCode.m */ = {isa = PBXFileReference; fileEncoding = 4; lastKnownFileType = sourcecode.c.objc; path = MMQRCode.m; sourceTree = "<group>"; };
/* End PBXFileReference section */

/* Begin PBXFrameworksBuildPhase section */
		1EA10A431DF7ECF30012ABDA /* Frameworks */ = {
			isa = PBXFrameworksBuildPhase;
			buildActionMask = 2147483647;
			files = (
			);
			runOnlyForDeploymentPostprocessing = 0;
		};
/* End PBXFrameworksBuildPhase section */

/* Begin PBXGroup section */
		1E278A831E16413800448E67 /* SVProgressHUD */ = {
			isa = PBXGroup;
			children = (
				1E278A861E16413800448E67 /* SVProgressHUD */,
			);
			path = SVProgressHUD;
			sourceTree = "<group>";
		};
		1E278A861E16413800448E67 /* SVProgressHUD */ = {
			isa = PBXGroup;
			children = (
				1E278A871E16413800448E67 /* SVIndefiniteAnimatedView.h */,
				1E278A881E16413800448E67 /* SVIndefiniteAnimatedView.m */,
				1E278A891E16413800448E67 /* SVProgressAnimatedView.h */,
				1E278A8A1E16413800448E67 /* SVProgressAnimatedView.m */,
				1E278A8B1E16413800448E67 /* SVProgressHUD.bundle */,
				1E278A8C1E16413800448E67 /* SVProgressHUD.h */,
				1E278A8D1E16413800448E67 /* SVProgressHUD.m */,
				1E278A8E1E16413800448E67 /* SVRadialGradientLayer.h */,
				1E278A8F1E16413800448E67 /* SVRadialGradientLayer.m */,
			);
			path = SVProgressHUD;
			sourceTree = "<group>";
		};
		1EA10A3D1DF7ECF30012ABDA = {
			isa = PBXGroup;
			children = (
				1EA10A601DF7ED000012ABDA /* QYBluetooth */,
				1EA10A481DF7ECF30012ABDA /* QYBluetoothManager */,
				1EA10A471DF7ECF30012ABDA /* Products */,
			);
			sourceTree = "<group>";
		};
		1EA10A471DF7ECF30012ABDA /* Products */ = {
			isa = PBXGroup;
			children = (
				1EA10A461DF7ECF30012ABDA /* QYBluetoothManager.app */,
			);
			name = Products;
			sourceTree = "<group>";
		};
		1EA10A481DF7ECF30012ABDA /* QYBluetoothManager */ = {
			isa = PBXGroup;
			children = (
				1EA10A4C1DF7ECF30012ABDA /* AppDelegate.h */,
				1EA10A4D1DF7ECF30012ABDA /* AppDelegate.m */,
				1EA10A4F1DF7ECF30012ABDA /* ViewController.h */,
				1EA10A501DF7ECF30012ABDA /* ViewController.m */,
				1E278A801E1640AB00448E67 /* CharacteristicViewController.h */,
				1E278A811E1640AB00448E67 /* CharacteristicViewController.m */,
				1E278A9E1E178C6800448E67 /* PrinterViewController.h */,
				1E278A9F1E178C6800448E67 /* PrinterViewController.m */,
				1EA10A521DF7ECF30012ABDA /* Main.storyboard */,
				1EA10A551DF7ECF30012ABDA /* Assets.xcassets */,
				1EA10A571DF7ECF30012ABDA /* LaunchScreen.storyboard */,
				1EA10A5A1DF7ECF30012ABDA /* Info.plist */,
				1EA10A491DF7ECF30012ABDA /* Supporting Files */,
			);
			path = QYBluetoothManager;
			sourceTree = "<group>";
		};
		1EA10A491DF7ECF30012ABDA /* Supporting Files */ = {
			isa = PBXGroup;
			children = (
				1EC525A51E1CC3A00028DA1F /* QYThermalSupport.h */,
				1EC525A61E1CC3A00028DA1F /* QYThermalSupport.m */,
				1EC525A81E1CEC3F0028DA1F /* MMQRCode.h */,
				1EC525A91E1CEC3F0028DA1F /* MMQRCode.m */,
				1E278A831E16413800448E67 /* SVProgressHUD */,
				1EA10A4A1DF7ECF30012ABDA /* main.m */,
				1E278A9D1E1786C400448E67 /* QYBluetoothManager.pch */,
			);
			name = "Supporting Files";
			sourceTree = "<group>";
		};
		1EA10A601DF7ED000012ABDA /* QYBluetooth */ = {
			isa = PBXGroup;
			children = (
				1EA10A611DF7ED000012ABDA /* QYBluetoothManager.h */,
				1EA10A621DF7ED000012ABDA /* QYBluetoothManager.m */,
				1E278A971E1643DC00448E67 /* QYPeripheralManager.h */,
				1E278A981E1643DC00448E67 /* QYPeripheralManager.m */,
				1E278A9A1E1650FE00448E67 /* QYPrinterManager.h */,
				1E278A9B1E1650FE00448E67 /* QYPrinterManager.m */,
			);
			path = QYBluetooth;
			sourceTree = "<group>";
		};
/* End PBXGroup section */

/* Begin PBXNativeTarget section */
		1EA10A451DF7ECF30012ABDA /* QYBluetoothManager */ = {
			isa = PBXNativeTarget;
			buildConfigurationList = 1EA10A5D1DF7ECF30012ABDA /* Build configuration list for PBXNativeTarget "QYBluetoothManager" */;
			buildPhases = (
				1EA10A421DF7ECF30012ABDA /* Sources */,
				1EA10A431DF7ECF30012ABDA /* Frameworks */,
				1EA10A441DF7ECF30012ABDA /* Resources */,
			);
			buildRules = (
			);
			dependencies = (
			);
			name = QYBluetoothManager;
			productName = QYBluetoothManager;
			productReference = 1EA10A461DF7ECF30012ABDA /* QYBluetoothManager.app */;
			productType = "com.apple.product-type.application";
		};
/* End PBXNativeTarget section */

/* Begin PBXProject section */
		1EA10A3E1DF7ECF30012ABDA /* Project object */ = {
			isa = PBXProject;
			attributes = {
				LastUpgradeCheck = 0820;
				ORGANIZATIONNAME = qianye;
				TargetAttributes = {
					1EA10A451DF7ECF30012ABDA = {
						CreatedOnToolsVersion = 8.1;
						DevelopmentTeam = U27UCT3Q2J;
						ProvisioningStyle = Manual;
					};
				};
			};
			buildConfigurationList = 1EA10A411DF7ECF30012ABDA /* Build configuration list for PBXProject "QYBluetoothManager" */;
			compatibilityVersion = "Xcode 3.2";
			developmentRegion = English;
			hasScannedForEncodings = 0;
			knownRegions = (
				en,
				Base,
			);
			mainGroup = 1EA10A3D1DF7ECF30012ABDA;
			productRefGroup = 1EA10A471DF7ECF30012ABDA /* Products */;
			projectDirPath = "";
			projectRoot = "";
			targets = (
				1EA10A451DF7ECF30012ABDA /* QYBluetoothManager */,
			);
		};
/* End PBXProject section */

/* Begin PBXResourcesBuildPhase section */
		1EA10A441DF7ECF30012ABDA /* Resources */ = {
			isa = PBXResourcesBuildPhase;
			buildActionMask = 2147483647;
			files = (
				1E278A941E16413800448E67 /* SVProgressHUD.bundle in Resources */,
				1EA10A591DF7ECF30012ABDA /* LaunchScreen.storyboard in Resources */,
				1EA10A561DF7ECF30012ABDA /* Assets.xcassets in Resources */,
				1EA10A541DF7ECF30012ABDA /* Main.storyboard in Resources */,
			);
			runOnlyForDeploymentPostprocessing = 0;
		};
/* End PBXResourcesBuildPhase section */

/* Begin PBXSourcesBuildPhase section */
		1EA10A421DF7ECF30012ABDA /* Sources */ = {
			isa = PBXSourcesBuildPhase;
			buildActionMask = 2147483647;
			files = (
				1E278A991E1643DC00448E67 /* QYPeripheralManager.m in Sources */,
				1E278A821E1640AB00448E67 /* CharacteristicViewController.m in Sources */,
				1EA10A511DF7ECF30012ABDA /* ViewController.m in Sources */,
				1EA10A4E1DF7ECF30012ABDA /* AppDelegate.m in Sources */,
				1EA10A631DF7ED000012ABDA /* QYBluetoothManager.m in Sources */,
				1E278AA01E178C6800448E67 /* PrinterViewController.m in Sources */,
				1EC525A71E1CC3A00028DA1F /* QYThermalSupport.m in Sources */,
				1EC525AA1E1CEC3F0028DA1F /* MMQRCode.m in Sources */,
				1E278A951E16413800448E67 /* SVProgressHUD.m in Sources */,
				1E278A9C1E1650FE00448E67 /* QYPrinterManager.m in Sources */,
				1E278A921E16413800448E67 /* SVIndefiniteAnimatedView.m in Sources */,
				1EA10A4B1DF7ECF30012ABDA /* main.m in Sources */,
				1E278A931E16413800448E67 /* SVProgressAnimatedView.m in Sources */,
				1E278A961E16413800448E67 /* SVRadialGradientLayer.m in Sources */,
			);
			runOnlyForDeploymentPostprocessing = 0;
		};
/* End PBXSourcesBuildPhase section */

/* Begin PBXVariantGroup section */
		1EA10A521DF7ECF30012ABDA /* Main.storyboard */ = {
			isa = PBXVariantGroup;
			children = (
				1EA10A531DF7ECF30012ABDA /* Base */,
			);
			name = Main.storyboard;
			sourceTree = "<group>";
		};
		1EA10A571DF7ECF30012ABDA /* LaunchScreen.storyboard */ = {
			isa = PBXVariantGroup;
			children = (
				1EA10A581DF7ECF30012ABDA /* Base */,
			);
			name = LaunchScreen.storyboard;
			sourceTree = "<group>";
		};
/* End PBXVariantGroup section */

/* Begin XCBuildConfiguration section */
		1EA10A5B1DF7ECF30012ABDA /* Debug */ = {
			isa = XCBuildConfiguration;
			buildSettings = {
				ALWAYS_SEARCH_USER_PATHS = NO;
				CLANG_ANALYZER_NONNULL = YES;
				CLANG_CXX_LANGUAGE_STANDARD = "gnu++0x";
				CLANG_CXX_LIBRARY = "libc++";
				CLANG_ENABLE_MODULES = YES;
				CLANG_ENABLE_OBJC_ARC = YES;
				CLANG_WARN_BOOL_CONVERSION = YES;
				CLANG_WARN_CONSTANT_CONVERSION = YES;
				CLANG_WARN_DIRECT_OBJC_ISA_USAGE = YES_ERROR;
				CLANG_WARN_DOCUMENTATION_COMMENTS = YES;
				CLANG_WARN_EMPTY_BODY = YES;
				CLANG_WARN_ENUM_CONVERSION = YES;
				CLANG_WARN_INFINITE_RECURSION = YES;
				CLANG_WARN_INT_CONVERSION = YES;
				CLANG_WARN_OBJC_ROOT_CLASS = YES_ERROR;
				CLANG_WARN_SUSPICIOUS_MOVE = YES;
				CLANG_WARN_SUSPICIOUS_MOVES = YES;
				CLANG_WARN_UNREACHABLE_CODE = YES;
				CLANG_WARN__DUPLICATE_METHOD_MATCH = YES;
				"CODE_SIGN_IDENTITY[sdk=iphoneos*]" = "iPhone Developer";
				COPY_PHASE_STRIP = NO;
				DEBUG_INFORMATION_FORMAT = dwarf;
				ENABLE_STRICT_OBJC_MSGSEND = YES;
				ENABLE_TESTABILITY = YES;
				GCC_C_LANGUAGE_STANDARD = gnu99;
				GCC_DYNAMIC_NO_PIC = NO;
				GCC_NO_COMMON_BLOCKS = YES;
				GCC_OPTIMIZATION_LEVEL = 0;
				GCC_PREPROCESSOR_DEFINITIONS = (
					"DEBUG=1",
					"$(inherited)",
				);
				GCC_WARN_64_TO_32_BIT_CONVERSION = YES;
				GCC_WARN_ABOUT_RETURN_TYPE = YES_ERROR;
				GCC_WARN_UNDECLARED_SELECTOR = YES;
				GCC_WARN_UNINITIALIZED_AUTOS = YES_AGGRESSIVE;
				GCC_WARN_UNUSED_FUNCTION = YES;
				GCC_WARN_UNUSED_VARIABLE = YES;
				IPHONEOS_DEPLOYMENT_TARGET = 10.1;
				MTL_ENABLE_DEBUG_INFO = YES;
				ONLY_ACTIVE_ARCH = YES;
				SDKROOT = iphoneos;
			};
			name = Debug;
		};
		1EA10A5C1DF7ECF30012ABDA /* Release */ = {
			isa = XCBuildConfiguration;
			buildSettings = {
				ALWAYS_SEARCH_USER_PATHS = NO;
				CLANG_ANALYZER_NONNULL = YES;
				CLANG_CXX_LANGUAGE_STANDARD = "gnu++0x";
				CLANG_CXX_LIBRARY = "libc++";
				CLANG_ENABLE_MODULES = YES;
				CLANG_ENABLE_OBJC_ARC = YES;
				CLANG_WARN_BOOL_CONVERSION = YES;
				CLANG_WARN_CONSTANT_CONVERSION = YES;
				CLANG_WARN_DIRECT_OBJC_ISA_USAGE = YES_ERROR;
				CLANG_WARN_DOCUMENTATION_COMMENTS = YES;
				CLANG_WARN_EMPTY_BODY = YES;
				CLANG_WARN_ENUM_CONVERSION = YES;
				CLANG_WARN_INFINITE_RECURSION = YES;
				CLANG_WARN_INT_CONVERSION = YES;
				CLANG_WARN_OBJC_ROOT_CLASS = YES_ERROR;
				CLANG_WARN_SUSPICIOUS_MOVE = YES;
				CLANG_WARN_SUSPICIOUS_MOVES = YES;
				CLANG_WARN_UNREACHABLE_CODE = YES;
				CLANG_WARN__DUPLICATE_METHOD_MATCH = YES;
				"CODE_SIGN_IDENTITY[sdk=iphoneos*]" = "iPhone Developer";
				COPY_PHASE_STRIP = NO;
				DEBUG_INFORMATION_FORMAT = "dwarf-with-dsym";
				ENABLE_NS_ASSERTIONS = NO;
				ENABLE_STRICT_OBJC_MSGSEND = YES;
				GCC_C_LANGUAGE_STANDARD = gnu99;
				GCC_NO_COMMON_BLOCKS = YES;
				GCC_WARN_64_TO_32_BIT_CONVERSION = YES;
				GCC_WARN_ABOUT_RETURN_TYPE = YES_ERROR;
				GCC_WARN_UNDECLARED_SELECTOR = YES;
				GCC_WARN_UNINITIALIZED_AUTOS = YES_AGGRESSIVE;
				GCC_WARN_UNUSED_FUNCTION = YES;
				GCC_WARN_UNUSED_VARIABLE = YES;
				IPHONEOS_DEPLOYMENT_TARGET = 10.1;
				MTL_ENABLE_DEBUG_INFO = NO;
				SDKROOT = iphoneos;
				VALIDATE_PRODUCT = YES;
			};
			name = Release;
		};
		1EA10A5E1DF7ECF30012ABDA /* Debug */ = {
			isa = XCBuildConfiguration;
			buildSettings = {
				ASSETCATALOG_COMPILER_APPICON_NAME = AppIcon;
				DEVELOPMENT_TEAM = U27UCT3Q2J;
				GCC_PREFIX_HEADER = QYBluetoothManager/QYBluetoothManager.pch;
				INFOPLIST_FILE = QYBluetoothManager/Info.plist;
				IPHONEOS_DEPLOYMENT_TARGET = 8.0;
				LD_RUNPATH_SEARCH_PATHS = "$(inherited) @executable_path/Frameworks";
				PRODUCT_BUNDLE_IDENTIFIER = com.qianye.QYBluetoothManager;
				PRODUCT_NAME = "$(TARGET_NAME)";
				PROVISIONING_PROFILE = "27b85ef3-65bb-4888-aee4-5c63c578781c";
				PROVISIONING_PROFILE_SPECIFIER = qianyeDemo;
			};
			name = Debug;
		};
		1EA10A5F1DF7ECF30012ABDA /* Release */ = {
			isa = XCBuildConfiguration;
			buildSettings = {
				ASSETCATALOG_COMPILER_APPICON_NAME = AppIcon;
				DEVELOPMENT_TEAM = "";
				GCC_PREFIX_HEADER = QYBluetoothManager/QYBluetoothManager.pch;
				INFOPLIST_FILE = QYBluetoothManager/Info.plist;
				IPHONEOS_DEPLOYMENT_TARGET = 8.0;
				LD_RUNPATH_SEARCH_PATHS = "$(inherited) @executable_path/Frameworks";
				PRODUCT_BUNDLE_IDENTIFIER = com.qianye.QYBluetoothManager;
				PRODUCT_NAME = "$(TARGET_NAME)";
			};
			name = Release;
		};
/* End XCBuildConfiguration section */

/* Begin XCConfigurationList section */
		1EA10A411DF7ECF30012ABDA /* Build configuration list for PBXProject "QYBluetoothManager" */ = {
			isa = XCConfigurationList;
			buildConfigurations = (
				1EA10A5B1DF7ECF30012ABDA /* Debug */,
				1EA10A5C1DF7ECF30012ABDA /* Release */,
			);
			defaultConfigurationIsVisible = 0;
			defaultConfigurationName = Release;
		};
		1EA10A5D1DF7ECF30012ABDA /* Build configuration list for PBXNativeTarget "QYBluetoothManager" */ = {
			isa = XCConfigurationList;
			buildConfigurations = (
				1EA10A5E1DF7ECF30012ABDA /* Debug */,
				1EA10A5F1DF7ECF30012ABDA /* Release */,
			);
			defaultConfigurationIsVisible = 0;
			defaultConfigurationName = Release;
		};
/* End XCConfigurationList section */
	};
	rootObject = 1EA10A3E1DF7ECF30012ABDA /* Project object */;
}
